
Microsoft Visual Studio Solution File, Format Version 12.00
# Visual Studio 15
VisualStudioVersion = 15.0.27130.2027
MinimumVisualStudioVersion = 10.0.40219.1
Project("{9A19103F-16F7-4668-BE54-9A1E7A4F7556}") = "DeStoofApi", "DeStoofApi\DeStoofApi.csproj", "{24D4C7FB-5447-499E-8657-C7C9C3F077A1}"
EndProject
Project("{9A19103F-16F7-4668-BE54-9A1E7A4F7556}") = "Core", "Core\Core.csproj", "{87845BA1-2976-480A-B679-B21482093372}"
EndProject
Project("{9A19103F-16F7-4668-BE54-9A1E7A4F7556}") = "Discord", "Discord\Discord.csproj", "{70E8B787-5FB2-4446-B0FB-247D9E439583}"
EndProject
Project("{9A19103F-16F7-4668-BE54-9A1E7A4F7556}") = "DeStoofBot", "Shared\DeStoofBot.csproj", "{38501A36-F76D-48A0-ADF3-41B105E0E77D}"
EndProject
Project("{9A19103F-16F7-4668-BE54-9A1E7A4F7556}") = "Twitch", "Twitch\Twitch.csproj", "{453BC492-C01B-4730-BFD5-FC71E93271B0}"
EndProject
Global
	GlobalSection(SolutionConfigurationPlatforms) = preSolution
		Debug|Any CPU = Debug|Any CPU
		Release|Any CPU = Release|Any CPU
	EndGlobalSection
	GlobalSection(ProjectConfigurationPlatforms) = postSolution
		{24D4C7FB-5447-499E-8657-C7C9C3F077A1}.Debug|Any CPU.ActiveCfg = Debug|Any CPU
		{24D4C7FB-5447-499E-8657-C7C9C3F077A1}.Debug|Any CPU.Build.0 = Debug|Any CPU
		{24D4C7FB-5447-499E-8657-C7C9C3F077A1}.Release|Any CPU.ActiveCfg = Release|Any CPU
		{24D4C7FB-5447-499E-8657-C7C9C3F077A1}.Release|Any CPU.Build.0 = Release|Any CPU
		{87845BA1-2976-480A-B679-B21482093372}.Debug|Any CPU.ActiveCfg = Debug|Any CPU
		{87845BA1-2976-480A-B679-B21482093372}.Debug|Any CPU.Build.0 = Debug|Any CPU
		{87845BA1-2976-480A-B679-B21482093372}.Release|Any CPU.ActiveCfg = Release|Any CPU
		{87845BA1-2976-480A-B679-B21482093372}.Release|Any CPU.Build.0 = Release|Any CPU
		{70E8B787-5FB2-4446-B0FB-247D9E439583}.Debug|Any CPU.ActiveCfg = Debug|Any CPU
		{70E8B787-5FB2-4446-B0FB-247D9E439583}.Debug|Any CPU.Build.0 = Debug|Any CPU
		{70E8B787-5FB2-4446-B0FB-247D9E439583}.Release|Any CPU.ActiveCfg = Release|Any CPU
		{70E8B787-5FB2-4446-B0FB-247D9E439583}.Release|Any CPU.Build.0 = Release|Any CPU
		{38501A36-F76D-48A0-ADF3-41B105E0E77D}.Debug|Any CPU.ActiveCfg = Debug|Any CPU
		{38501A36-F76D-48A0-ADF3-41B105E0E77D}.Debug|Any CPU.Build.0 = Debug|Any CPU
		{38501A36-F76D-48A0-ADF3-41B105E0E77D}.Release|Any CPU.ActiveCfg = Release|Any CPU
		{38501A36-F76D-48A0-ADF3-41B105E0E77D}.Release|Any CPU.Build.0 = Release|Any CPU
		{453BC492-C01B-4730-BFD5-FC71E93271B0}.Debug|Any CPU.ActiveCfg = Debug|Any CPU
		{453BC492-C01B-4730-BFD5-FC71E93271B0}.Debug|Any CPU.Build.0 = Debug|Any CPU
		{453BC492-C01B-4730-BFD5-FC71E93271B0}.Release|Any CPU.ActiveCfg = Release|Any CPU
		{453BC492-C01B-4730-BFD5-FC71E93271B0}.Release|Any CPU.Build.0 = Release|Any CPU
	EndGlobalSection
	GlobalSection(SolutionProperties) = preSolution
		HideSolutionNode = FALSE
	EndGlobalSection
	GlobalSection(ExtensibilityGlobals) = postSolution
		SolutionGuid = {0B2B7005-A4A5-4D2F-8E48-68D32346E530}
	EndGlobalSection
EndGlobal
